github.com/G-Node/gig v0.0.0-20171025133355-6d784b40b534 h1:ZdsP0JR5T1lDcsXSeARuI83++uHNoSZiN6kaMgf1EPM=
github.com/G-Node/gig v0.0.0-20171025133355-6d784b40b534/go.mod h1:H+82VbQUp9AzlbEiZl3bri3mlPlN2q6CxlIh0CyJWnc=
github.com/G-Node/git-module v0.0.0-20190508131414-96b8a5e67598 h1:4WGhRKVSKZyzQq/IeDorDLnmDCf/r4AdQKcRx5puOtc=
github.com/G-Node/git-module v0.0.0-20190508131414-96b8a5e67598/go.mod h1:RfwjQBj45bZMpiydTIJEbG/9niW8HvLs2xXXgBS+F1w=
github.com/G-Node/go-annex v0.0.0-20190628200220-9382e24e7eb6 h1:XyZqJ0xWFiSEs/sIYyKGG03aWcVMzIVlavkb6Lph1ao=
github.com/G-Node/go-annex v0.0.0-20190628200220-9382e24e7eb6/go.mod h1:y9O/u0tJBzrDM4NqgkyzI5YoZMi7P0o+6llu141LA0s=
github.com/G-Node/gogs v0.11.67-0.20190603154931-dd2cf3eefe34 h1:6IysfyIZsaULtK9Nnwth/R4LloHbrGQ0mCRXM7NN+VY=
github.com/G-Node/gogs v0.11.67-0.20190603154931-dd2cf3eefe34/go.mod h1:XVOGewUZdShuZqQMoa6quX/g+TEXUnGeyupSdXva0pE=
github.com/G-Node/libgin v0.0.0-20190701175326-c461e1ae688b h1:XSI2CmFTnoiVK7ATV4IRgRieZe0SdkQx4J+vBxtvRzs=
github.com/G-Node/libgin v0.0.0-20190701175326-c461e1ae688b/go.mod h1:2yLXQnNbwjH8mslxnzU8Kb+d7c2Zqo8DIgR6Pgp7lCg=
github.com/Unknwon/com v0.0.0-20190321035513-0fed4efef755 h1:1B7wb36fHLSwZfHg6ngZhhtIEHQjiC5H4p7qQGBEffg=
github.com/Unknwon/com v0.0.0-20190321035513-0fed4efef755/go.mod h1:voKvFVpXBJxdIPeqjoJuLK+UVcRlo/JLjeToGxPYu68=
github.com/Unknwon/i18n v0.0.0-20171114194641-b64d33658966 h1:Mp8GNJ/tdTZIEdLdZfykEJaL3mTyEYrSzYNcdoQKpJk=
github.com/Unknwon/i18n v0.0.0-20171114194641-b64d33658966/go.mod h1:SFtfq0zFPsENI7DpE87QM2hcYu5QQ0fRdCgP+P1Hrqo=
github.com/bradfitz/gomemcache v0.0.0-20190329173943-551aad21a668 h1:U/lr3Dgy4WK+hNk4tyD+nuGjpVLPEHuJSFXMw11/HPA=
github.com/bradfitz/gomemcache v0.0.0-20190329173943-551aad21a668/go.mod h1:H0wQNHz2YrLsuXOZozoeDmnHXkNCRmMW0gwFWDfEZDA=
github.com/davecgh/go-spew v1.1.0/go.mod h1:J7Y8YcW2NihsgmVo/mv3lAwl/skON4iLHjSsI+c5H38=
github.com/davecgh/go-spew v1.1.1 h1:vj9j/u1bqnvCEfJOwUhtlOARqs3+rkHYY13jYWTU97c=
github.com/davecgh/go-spew v1.1.1/go.mod h1:J7Y8YcW2NihsgmVo/mv3lAwl/skON4iLHjSsI+c5H38=
github.com/docker/docker v1.13.1 h1:IkZjBSIc8hBjLpqeAbeE5mca5mNgeatLHBy3GO78BWo=
github.com/docker/docker v1.13.1/go.mod h1:eEKB0N0r5NX/I1kEveEz05bcu8tLC/8azJZsviup8Sk=
github.com/docopt/docopt-go v0.0.0-20180111231733-ee0de3bc6815 h1:bWDMxwH3px2JBh6AyO7hdCn/PkvCZXii8TGj7sbtEbQ=
github.com/docopt/docopt-go v0.0.0-20180111231733-ee0de3bc6815/go.mod h1:WwZ+bS3ebgob9U8Nd0kOddGdZWjyMGR8Wziv+TBNwSE=
github.com/fatih/color v1.7.0 h1:DkWD4oS2D8LGGgTQ6IvwJJXSL5Vp2ffcQg58nFV38Ys=
github.com/fatih/color v1.7.0/go.mod h1:Zm6kSWBoL9eyXnKyktHP6abPY2pDugNf5KwzbycvMj4=
github.com/go-macaron/cache v0.0.0-20151013081102-561735312776 h1:UYIHS1r0WotqB5cIa0PAiV0m6GzD9rDBcn4alp5JgCw=
github.com/go-macaron/cache v0.0.0-20151013081102-561735312776/go.mod h1:hHAsZm/oBZVcY+S7qdQL6Vbg5VrXF6RuKGuqsszt3Ok=
github.com/go-macaron/inject v0.0.0-20160627170012-d8a0b8677191 h1:NjHlg70DuOkcAMqgt0+XA+NHwtu66MkTVVgR4fFWbcI=
github.com/go-macaron/inject v0.0.0-20160627170012-d8a0b8677191/go.mod h1:VFI2o2q9kYsC4o7VP1HrEVosiZZTd+MVT3YZx4gqvJw=
github.com/go-macaron/session v0.0.0-20190131233854-0a0a789bf193 h1:z/nqwd+ql/r6Q3QGnwNd6B89UjPytM0be5pDQV9TuWw=
github.com/go-macaron/session v0.0.0-20190131233854-0a0a789bf193/go.mod h1:ScEJm9Gk+ez5JJTml5WlBIqavAfuE5nF8e4Gvyz/X+A=
github.com/gogits/go-gogs-client v0.0.0-20190616193657-5a05380e4bc2 h1:BbwX8wsMRDZRdNYxAna+4ls3wvMKJyn4PT6Zk1CPxP4=
github.com/gogits/go-gogs-client v0.0.0-20190616193657-5a05380e4bc2/go.mod h1:cY2AIrMgHm6oOHmR7jY+9TtjzSjQ3iG7tURJG3Y6XH0=
github.com/gogs/chardet v0.0.0-20150115103509-2404f7772561 h1:aBzukfDxQlCTVS0NBUjI5YA3iVeaZ9Tb5PxNrrIP1xs=
github.com/gogs/chardet v0.0.0-20150115103509-2404f7772561/go.mod h1:Pcatq5tYkCW2Q6yrR2VRHlbHpZ/R4/7qyL1TCF7vl14=
github.com/gogs/go-libravatar v0.0.0-20161120025154-cd1abbd55d09 h1:UdOSIHZpkYcajRbfebBYzFDsL3SuqObH3bvKYBqgKmI=
github.com/gogs/go-libravatar v0.0.0-20161120025154-cd1abbd55d09/go.mod h1:Zas3BtO88pk1cwUfEYlvnl/CRwh0ybDxRWSwRjG8I3w=
github.com/gogs/minwinsvc v0.0.0-20170301035411-95be6356811a h1:8DZwxETOVWIinYxDK+i6L+rMb7eGATGaakD6ZucfHVk=
github.com/gogs/minwinsvc v0.0.0-20170301035411-95be6356811a/go.mod h1:TUIZ+29jodWQ8Gk6Pvtg4E09aMsc3C/VLZiVYfUhWQU=
github.com/gopherjs/gopherjs v0.0.0-20181017120253-0766667cb4d1/go.mod h1:wJfORRmW1u3UXTncJ5qlYoELFm8eSnnEO6hX4iZ3EWY=
github.com/gopherjs/gopherjs v0.0.0-20181103185306-d547d1d9531e h1:JKmoR8x90Iww1ks85zJ1lfDGgIiMDuIptTOhJq+zKyg=
github.com/gopherjs/gopherjs v0.0.0-20181103185306-d547d1d9531e/go.mod h1:wJfORRmW1u3UXTncJ5qlYoELFm8eSnnEO6hX4iZ3EWY=
github.com/gopherjs/gopherjs v0.0.0-20190430165422-3e4dfb77656c h1:7lF+Vz0LqiRidnzC1Oq86fpX1q/iEv2KJdrCtttYjT4=
github.com/gopherjs/gopherjs v0.0.0-20190430165422-3e4dfb77656c/go.mod h1:wJfORRmW1u3UXTncJ5qlYoELFm8eSnnEO6hX4iZ3EWY=
github.com/jtolds/gls v4.2.1+incompatible h1:fSuqC+Gmlu6l/ZYAoZzx2pyucC8Xza35fpRVWLVmUEE=
github.com/jtolds/gls v4.2.1+incompatible/go.mod h1:QJZ7F/aHp+rZTRtaJ1ow/lLfFfVYBRgL+9YlvaHOwJU=
github.com/jtolds/gls v4.20.0+incompatible h1:xdiiI2gbIgH/gLH7ADydsJ1uDOEzR8yvV7C0MuV77Wo=
github.com/jtolds/gls v4.20.0+incompatible/go.mod h1:QJZ7F/aHp+rZTRtaJ1ow/lLfFfVYBRgL+9YlvaHOwJU=
github.com/konsorten/go-windows-terminal-sequences v1.0.1 h1:mweAR1A6xJ3oS2pRaGiHgQ4OO8tzTaLawm8vnODuwDk=
github.com/konsorten/go-windows-terminal-sequences v1.0.1/go.mod h1:T0+1ngSBFLxvqU3pZ+m/2kptfBszLMUkC4ZK/EgS/cQ=
github.com/konsorten/go-windows-terminal-sequences v1.0.2 h1:DB17ag19krx9CFsz4o3enTrPXyIXCl+2iCXH/aMAp9s=
github.com/konsorten/go-windows-terminal-sequences v1.0.2/go.mod h1:T0+1ngSBFLxvqU3pZ+m/2kptfBszLMUkC4ZK/EgS/cQ=
github.com/kr/pretty v0.1.0 h1:L/CwN0zerZDmRFUapSPitk6f+Q3+0za1rQkzVuMiMFI=
github.com/kr/pretty v0.1.0/go.mod h1:dAy3ld7l9f0ibDNOQOHHMYYIIbhfbHSm3C4ZsoJORNo=
github.com/kr/pty v1.1.1/go.mod h1:pFQYn66WHrOpPYNljwOMqo10TkYh1fy3cYio2l3bCsQ=
github.com/kr/text v0.1.0 h1:45sCR5RtlFHMR4UwH9sdQ5TC8v0qDQCHnXt+kaKSTVE=
github.com/kr/text v0.1.0/go.mod h1:4Jbv+DJW3UT/LiOwJeYQe1efqtUx/iVham/4vfdArNI=
github.com/mattn/go-colorable v0.1.2 h1:/bC9yWikZXAL9uJdulbSfyVNIR3n3trXl+v8+1sx8mU=
github.com/mattn/go-colorable v0.1.2/go.mod h1:U0ppj6V5qS13XJ6of8GYAs25YV2eR4EVcfRqFIhoBtE=
github.com/mattn/go-isatty v0.0.8 h1:HLtExJ+uU2HOZ+wI0Tt5DtUDrx8yhUqDcp7fYERX4CE=
github.com/mattn/go-isatty v0.0.8/go.mod h1:Iq45c/XA43vh69/j3iqttzPXn0bhXyGjM0Hdxcsrc5s=
github.com/mcuadros/go-version v0.0.0-20190308113854-92cdf37c5b75 h1:Pijfgr7ZuvX7QIQiEwLdRVr3RoMG+i0SbBO1Qu+7yVk=
github.com/mcuadros/go-version v0.0.0-20190308113854-92cdf37c5b75/go.mod h1:76rfSfYPWj01Z85hUf/ituArm797mNKcvINh1OlsZKo=
github.com/pmezard/go-difflib v1.0.0 h1:4DBwDE0NGyQoBHbLQYPwSUPoCMWR5BEzIk/f1lZbAQM=
github.com/pmezard/go-difflib v1.0.0/go.mod h1:iKH77koFhYxTK1pcRnkKkqfTogsbg7gZNVY4sRDYZ/4=
github.com/saintfish/chardet v0.0.0-20120816061221-3af4cd4741ca h1:NugYot0LIVPxTvN8n+Kvkn6TrbMyxQiuvKdEwFdR9vI=
github.com/saintfish/chardet v0.0.0-20120816061221-3af4cd4741ca/go.mod h1:uugorj2VCxiV1x+LzaIdVa9b4S4qGAcH6cbhh4qVxOU=
github.com/sirupsen/logrus v1.4.2 h1:SPIRibHv4MatM3XXNO2BJeFLZwZ2LvZgfQ5+UNI2im4=
github.com/sirupsen/logrus v1.4.2/go.mod h1:tLMulIdttU9McNUspp0xgXVQah82FyeX6MwdIuYE2rE=
github.com/smartystreets/assertions v0.0.0-20180927180507-b2de0cb4f26d/go.mod h1:OnSkiWE9lh6wB0YB77sQom3nweQdgAjqCqsofrRNTgc=
github.com/smartystreets/assertions v0.0.0-20190116191733-b6c0e53d7304 h1:Jpy1PXuP99tXNrhbq2BaPz9B+jNAvH1JPQQpG/9GCXY=
github.com/smartystreets/assertions v0.0.0-20190116191733-b6c0e53d7304/go.mod h1:OnSkiWE9lh6wB0YB77sQom3nweQdgAjqCqsofrRNTgc=
github.com/smartystreets/assertions v1.0.0 h1:UVQPSSmc3qtTi+zPPkCXvZX9VvW/xT/NsRvKfwY81a8=
github.com/smartystreets/assertions v1.0.0/go.mod h1:kHHU4qYBaI3q23Pp3VPrmWhuIUrLW/7eUrw0BU5VaoM=
github.com/smartystreets/goconvey v0.0.0-20181108003508-044398e4856c h1:Ho+uVpkel/udgjbwB5Lktg9BtvJSh2DT0Hi6LPSyI2w=
github.com/smartystreets/goconvey v0.0.0-20181108003508-044398e4856c/go.mod h1:XDJAKZRPZ1CvBcN2aX5YOUTYGHki24fSF0Iv48Ibg0s=
github.com/smartystreets/goconvey v0.0.0-20190330032615-68dc04aab96a h1:pa8hGb/2YqsZKovtsgrwcDH1RZhVbTKCjLp47XpqCDs=
github.com/smartystreets/goconvey v0.0.0-20190330032615-68dc04aab96a/go.mod h1:syvi0/a8iFYH4r/RixwvyeAJjdLS9QV7WQ/tjFTllLA=
github.com/stretchr/objx v0.1.0/go.mod h1:HFkY916IF+rwdDfMAkV7OtwuqBVzrE8GR6GFx+wExME=
github.com/stretchr/objx v0.1.1/go.mod h1:HFkY916IF+rwdDfMAkV7OtwuqBVzrE8GR6GFx+wExME=
github.com/stretchr/testify v1.2.2/go.mod h1:a8OnRcib4nhh0OaRAV+Yts87kKdq0PP7pXfy6kDkUVs=
github.com/stretchr/testify v1.3.0 h1:TivCn/peBQ7UY8ooIcPgZFpTNSz0Q2U6UrFlUfqbe0Q=
github.com/stretchr/testify v1.3.0/go.mod h1:M5WIy9Dh21IEIfnGCwXGc5bZfKNJtfHm1UVUgZn+9EI=
github.com/unidoc/unidoc v2.2.0+incompatible h1:AVVdSa11YROyMPxcAsp3j4Wz7zHSrXGjcVmHwgEvD+Y=
github.com/unidoc/unidoc v2.2.0+incompatible/go.mod h1:xz5DRu10sgNndY6/LrqtXytidQ/aXastVtkIVSxIj3Q=
golang.org/x/crypto v0.0.0-20190308221718-c2843e01d9a2/go.mod h1:djNgcEr1/C05ACkg1iLfiJU5Ep61QUkGW8qpdssI0+w=
golang.org/x/crypto v0.0.0-20190701094942-4def268fd1a4 h1:HuIa8hRrWRSrqYzx1qI49NNxhdi2PrY7gxVSq1JjLDc=
golang.org/x/crypto v0.0.0-20190701094942-4def268fd1a4/go.mod h1:yigFU9vqHzYiE8UmvKecakEJjdnWj3jj499lnFckfCI=
golang.org/x/image v0.0.0-20190622003408-7e034cad6442 h1:KHkZ9SH+rcDwdj29lcYkks2agONXqNa8YkEGwGhY6Sg=
golang.org/x/image v0.0.0-20190622003408-7e034cad6442/go.mod h1:FeLwcggjj3mMvU+oOTbSwawSJRM1uh48EjtB4UJZlP0=
golang.org/x/net v0.0.0-20190311183353-d8887717615a/go.mod h1:t9HGtf8HONx5eT2rtn7q6eTqICYqUVnKs3thJo3Qplg=
golang.org/x/net v0.0.0-20190404232315-eb5bcb51f2a3/go.mod h1:t9HGtf8HONx5eT2rtn7q6eTqICYqUVnKs3thJo3Qplg=
golang.org/x/sys v0.0.0-20190215142949-d0b11bdaac8a/go.mod h1:STP8DvDyc/dI5b8T5hshtkjS+E42TnysNCUPdjciGhY=
golang.org/x/sys v0.0.0-20190222072716-a9d3bda3a223/go.mod h1:STP8DvDyc/dI5b8T5hshtkjS+E42TnysNCUPdjciGhY=
golang.org/x/sys v0.0.0-20190412213103-97732733099d/go.mod h1:h1NjWce9XRLGQEsW7wpKNCjG9DtNlClVuFLEZdDNbEs=
golang.org/x/sys v0.0.0-20190422165155-953cdadca894 h1:Cz4ceDQGXuKRnVBDTS23GTn/pU5OE2C0WrNTOYK1Uuc=
golang.org/x/sys v0.0.0-20190422165155-953cdadca894/go.mod h1:h1NjWce9XRLGQEsW7wpKNCjG9DtNlClVuFLEZdDNbEs=
golang.org/x/sys v0.0.0-20190626221950-04f50cda93cb h1:fgwFCsaw9buMuxNd6+DQfAuSFqbNiQZpcgJQAgJsK6k=
golang.org/x/sys v0.0.0-20190626221950-04f50cda93cb/go.mod h1:h1NjWce9XRLGQEsW7wpKNCjG9DtNlClVuFLEZdDNbEs=
golang.org/x/text v0.3.0/go.mod h1:NqM8EUOU14njkJ3fqMW+pc6Ldnwhi/IjpwHt7yyuwOQ=
golang.org/x/tools v0.0.0-20190328211700-ab21143f2384/go.mod h1:LCzVGOaR6xXOjkQ3onu1FJEFr0SW1gC7cKk1uF8kGRs=
gopkg.in/bufio.v1 v1.0.0-20140618132640-567b2bfa514e h1:wGA78yza6bu/mWcc4QfBuIEHEtc06xdiU0X8sY36yUU=
gopkg.in/bufio.v1 v1.0.0-20140618132640-567b2bfa514e/go.mod h1:xsQCaysVCudhrYTfzYWe577fCe7Ceci+6qjO2Rdc0Z4=
gopkg.in/check.v1 v1.0.0-20180628173108-788fd7840127 h1:qIbj1fsPNlZgppZ+VLlY7N33q108Sa+fhmuc+sWQYwY=
gopkg.in/check.v1 v1.0.0-20180628173108-788fd7840127/go.mod h1:Co6ibVJAznAaIkqp8huTwlJQCZ016jof/cbN4VW5Yz0=
gopkg.in/clog.v1 v1.2.0 h1:BHfwHRNQy497iBNsRBassPixSAxRbn2z5KVkdBFbwxc=
gopkg.in/clog.v1 v1.2.0/go.mod h1:L6fgdpdhFgKX4eGuDvt+N6X2GwZE160NRrIHzvaF8ZM=
gopkg.in/ini.v1 v1.42.0 h1:7N3gPTt50s8GuLortA00n8AqRTk75qOP98+mTPpgzRk=
gopkg.in/ini.v1 v1.42.0/go.mod h1:pNLf8WUiyNEtQjuu5G5vTm06TEv9tsIgeAvK8hOrP4k=
gopkg.in/macaron.v1 v1.3.2 h1:AvWIaPmwBUA87/OWzePkoxeaw6YJWDfBt1pDFPBnLf8=
gopkg.in/macaron.v1 v1.3.2/go.mod h1:PrsiawTWAGZs6wFbT5hlr7SQ2Ns9h7cUVtcUu4lQOVo=
gopkg.in/redis.v2 v2.3.2 h1:GPVIIB/JnL1wvfULefy3qXmPu1nfNu2d0yA09FHgwfs=
gopkg.in/redis.v2 v2.3.2/go.mod h1:4wl9PJ/CqzeHk3LVq1hNLHH8krm3+AXEgut4jVc++LU=
